
Microsoft Visual Studio Solution File, Format Version 10.00
# Visual Studio 2008
Project("{8BC9CEB8-8B4A-11D0-8D11-00A0C91BC942}") = "demo", "..\demo\demo.vcproj", "{A82E2FC6-FA35-420D-B253-7F6A51D8E4B6}"
EndProject
Project("{8BC9CEB8-8B4A-11D0-8D11-00A0C91BC942}") = "ui", "..\common\ui\ui.vcproj", "{FFBABB80-DF57-4FC0-BB75-B8951B2E0E4B}"
EndProject
Global
	GlobalSection(SolutionConfigurationPlatforms) = preSolution
		Debug|Win32 = Debug|Win32
		Release|Win32 = Release|Win32
	EndGlobalSection
	GlobalSection(ProjectConfigurationPlatforms) = postSolution
		{A82E2FC6-FA35-420D-B253-7F6A51D8E4B6}.Debug|Win32.ActiveCfg = Debug|Win32
		{A82E2FC6-FA35-420D-B253-7F6A51D8E4B6}.Debug|Win32.Build.0 = Debug|Win32
		{A82E2FC6-FA35-420D-B253-7F6A51D8E4B6}.Release|Win32.ActiveCfg = Release|Win32
		{A82E2FC6-FA35-420D-B253-7F6A51D8E4B6}.Release|Win32.Build.0 = Release|Win32
		{FFBABB80-DF57-4FC0-BB75-B8951B2E0E4B}.Debug|Win32.ActiveCfg = Debug|Win32
		{FFBABB80-DF57-4FC0-BB75-B8951B2E0E4B}.Debug|Win32.Build.0 = Debug|Win32
		{FFBABB80-DF57-4FC0-BB75-B8951B2E0E4B}.Release|Win32.ActiveCfg = Release|Win32
		{FFBABB80-DF57-4FC0-BB75-B8951B2E0E4B}.Release|Win32.Build.0 = Release|Win32
	EndGlobalSection
	GlobalSection(SolutionProperties) = preSolution
		HideSolutionNode = FALSE
	EndGlobalSection
EndGlobal
